
Microsoft Visual Studio Solution File, Format Version 12.00
# Visual Studio Version 17
VisualStudioVersion = 17.3.32819.101
MinimumVisualStudioVersion = 10.0.40219.1
Project("{FAE04EC0-301F-11D3-BF4B-00C04F79EFBC}") = "Deliverable_3", "Deliverable_3\Deliverable_3.csproj", "{050027E1-6E62-4D05-9FB5-94D6B60F2833}"
EndProject
Global
	GlobalSection(SolutionConfigurationPlatforms) = preSolution
		Debug|Any CPU = Debug|Any CPU
		Release|Any CPU = Release|Any CPU
	EndGlobalSection
	GlobalSection(ProjectConfigurationPlatforms) = postSolution
		{050027E1-6E62-4D05-9FB5-94D6B60F2833}.Debug|Any CPU.ActiveCfg = Debug|Any CPU
		{050027E1-6E62-4D05-9FB5-94D6B60F2833}.Debug|Any CPU.Build.0 = Debug|Any CPU
		{050027E1-6E62-4D05-9FB5-94D6B60F2833}.Release|Any CPU.ActiveCfg = Release|Any CPU
		{050027E1-6E62-4D05-9FB5-94D6B60F2833}.Release|Any CPU.Build.0 = Release|Any CPU
	EndGlobalSection
	GlobalSection(SolutionProperties) = preSolution
		HideSolutionNode = FALSE
	EndGlobalSection
	GlobalSection(ExtensibilityGlobals) = postSolution
		SolutionGuid = {9FB3BDC4-79DA-48A5-BD73-FBA54440C92D}
	EndGlobalSection
EndGlobal
